{
  "name": "asljs-common",
  "lockfileVersion": 3,
  "requires": true,
  "packages": {
    "": {
      "name": "asljs-common",
      "license": "MIT",
      "devDependencies": {
        "pkg-types": "^2.3.1"
      }
    },
    "node_modules/confbox": {
      "version": "0.2.4",
      "resolved": "https://registry.npmjs.org/confbox/-/confbox-0.2.4.tgz",
      "integrity": "sha512-ysOGlgTFbN2/Y6Cg3Iye8YKulHw+R2fNXHrgSmXISQdMnomY6eNDprVdW9R5xBguEqI954+S6709UyiO7B+6OQ==",
      "dev": true,
      "license": "MIT"
    },
    "node_modules/exsolve": {
      "version": "1.1.0",
      "resolved": "https://registry.npmjs.org/exsolve/-/exsolve-1.1.0.tgz",
      "integrity": "sha512-D+42+T12DdIlJM3uepa55qGiL3sYdLBOxIl2ifQCzCHz4c7eiolaHsi3BIqEr7JxBzxv2pYZQX9kw16ziMcEmw==",
      "dev": true,
      "license": "MIT"
    },
    "node_modules/pathe": {
      "version": "2.0.3",
      "resolved": "https://registry.npmjs.org/pathe/-/pathe-2.0.3.tgz",
      "integrity": "sha512-WUjGcAqP1gQacoQe+OBJsFA7Ld4DyXuUIjZ5cc75cLHvJ7dtNsTugphxIADwspS+AraAUePCKrSVtPLFj/F88w==",
      "dev": true,
      "license": "MIT"
    },
    "node_modules/pkg-types": {
      "version": "2.3.1",
      "resolved": "https://registry.npmjs.org/pkg-types/-/pkg-types-2.3.1.tgz",
      "integrity": "sha512-y+ichcgc2LrADuhLNAx8DFjVfgz91pRxfZdI3UDhxHvcVEZsenLO+7XaU5vOp0u/7V/wZ+plyuQxtrDlZJ+yeg==",
      "dev": true,
      "license": "MIT",
      "dependencies": {
        "confbox": "^0.2.4",
        "exsolve": "^1.0.8",
        "pathe": "^2.0.3"
      }
    }
  }
}
