{
  "name": "asljs-machine",
  "version": "0.1.1",
  "lockfileVersion": 3,
  "requires": true,
  "packages": {
    "": {
      "name": "asljs-machine",
      "version": "0.1.1",
      "license": "MIT",
      "dependencies": {
        "asljs-eventful": "^0.1.2",
        "asljs-observable": "^0.1.2"
      }
    },
    "node_modules/asljs-eventful": {
      "version": "0.1.2",
      "resolved": "https://registry.npmjs.org/asljs-eventful/-/asljs-eventful-0.1.2.tgz",
      "integrity": "sha512-2r7sQv+IPsq/tw6d98o3EU4dqYDsvlPZxKRqBp88tZW/MpgNYolIcUCBe3m1C3GTU2a6xNU5jURHTIy4w8bwEA==",
      "license": "MIT"
    },
    "node_modules/asljs-observable": {
      "version": "0.1.2",
      "resolved": "https://registry.npmjs.org/asljs-observable/-/asljs-observable-0.1.2.tgz",
      "integrity": "sha512-NZu0DzXAQBqSJL56go5k/aoeemwa7zuD2PdyvUKGKNd+0FiA41CYEEeo5g7xaJwfPPoyxja2tPBWuneYYn06vw==",
      "license": "MIT",
      "dependencies": {
        "asljs-eventful": "^0.1.2"
      }
    }
  }
}
