{
  "name": "asljs-observable",
  "version": "0.1.4",
  "lockfileVersion": 3,
  "requires": true,
  "packages": {
    "": {
      "name": "asljs-observable",
      "version": "0.1.4",
      "license": "MIT",
      "dependencies": {
        "asljs-eventful": "^0.1.6"
      }
    },
    "node_modules/asljs-eventful": {
      "version": "0.1.6",
      "resolved": "https://registry.npmjs.org/asljs-eventful/-/asljs-eventful-0.1.6.tgz",
      "integrity": "sha512-FK4HPRBIlsqccOlsS2FYYbpHUloOoiv8Avl3i956ScbXadpMoqdNYZx5sw90q3R+UpL7tkKxz4S3d8Fhgju8rg==",
      "license": "MIT"
    }
  }
}
